
Microsoft Visual Studio Solution File, Format Version 12.00
# Visual Studio 15
VisualStudioVersion = 15.0.27130.2003
MinimumVisualStudioVersion = 10.0.40219.1
Project("{FAE04EC0-301F-11D3-BF4B-00C04F79EFBC}") = "TextEditor", "TextEditor\TextEditor.csproj", "{940B52B2-62C0-4EF6-B35B-37F7FE84E6FC}"
EndProject
Global
	GlobalSection(SolutionConfigurationPlatforms) = preSolution
		Debug|Any CPU = Debug|Any CPU
		Release|Any CPU = Release|Any CPU
	EndGlobalSection
	GlobalSection(ProjectConfigurationPlatforms) = postSolution
		{940B52B2-62C0-4EF6-B35B-37F7FE84E6FC}.Debug|Any CPU.ActiveCfg = Debug|Any CPU
		{940B52B2-62C0-4EF6-B35B-37F7FE84E6FC}.Debug|Any CPU.Build.0 = Debug|Any CPU
		{940B52B2-62C0-4EF6-B35B-37F7FE84E6FC}.Release|Any CPU.ActiveCfg = Release|Any CPU
		{940B52B2-62C0-4EF6-B35B-37F7FE84E6FC}.Release|Any CPU.Build.0 = Release|Any CPU
	EndGlobalSection
	GlobalSection(SolutionProperties) = preSolution
		HideSolutionNode = FALSE
	EndGlobalSection
	GlobalSection(ExtensibilityGlobals) = postSolution
		SolutionGuid = {F65928D4-D65F-4E17-A787-A65ABB9974DA}
	EndGlobalSection
EndGlobal
